<?xml version="1.0" encoding="utf-8"?>
<Project ToolsVersion="4.0" xmlns="http://schemas.microsoft.com/developer/msbuild/2003">
  <ItemGroup>
    <Filter Include="Pixel">
      <UniqueIdentifier>{2748E20D-935C-0ABF-5CDE-AD1EC8B106F0}</UniqueIdentifier>
    </Filter>
  </ItemGroup>
  <ItemGroup>
    <ClInclude Include="src\Pixel.h" />
    <ClInclude Include="src\Pixel\Application.h">
      <Filter>Pixel</Filter>
    </ClInclude>
    <ClInclude Include="src\Pixel\Core.h">
      <Filter>Pixel</Filter>
    </ClInclude>
    <ClInclude Include="src\Pixel\EntryPoint.h">
      <Filter>Pixel</Filter>
    </ClInclude>
    <ClInclude Include="src\Pixel\Log.h">
      <Filter>Pixel</Filter>
    </ClInclude>
  </ItemGroup>
  <ItemGroup>
    <ClCompile Include="src\Pixel\Application.cpp">
      <Filter>Pixel</Filter>
    </ClCompile>
    <ClCompile Include="src\Pixel\Log.cpp">
      <Filter>Pixel</Filter>
    </ClCompile>
  </ItemGroup>
</Project>